// !$*UTF8*$!
{
	archiveVersion = 1;
	classes = {
	};
	objectVersion = 50;
	objects = {

/* Begin PBXBuildFile section */
		24FDB5C4249D9F9E003885F3 /* AppDelegate.swift in Sources */ = {isa = PBXBuildFile; fileRef = 24FDB5C3249D9F9E003885F3 /* AppDelegate.swift */; };
		24FDB5C6249D9F9E003885F3 /* SceneDelegate.swift in Sources */ = {isa = PBXBuildFile; fileRef = 24FDB5C5249D9F9E003885F3 /* SceneDelegate.swift */; };
		24FDB5C8249D9F9E003885F3 /* ViewController.swift in Sources */ = {isa = PBXBuildFile; fileRef = 24FDB5C7249D9F9E003885F3 /* ViewController.swift */; };
		24FDB5CB249D9F9E003885F3 /* Main.storyboard in Resources */ = {isa = PBXBuildFile; fileRef = 24FDB5C9249D9F9E003885F3 /* Main.storyboard */; };
		24FDB5CD249D9FA4003885F3 /* Assets.xcassets in Resources */ = {isa = PBXBuildFile; fileRef = 24FDB5CC249D9FA4003885F3 /* Assets.xcassets */; };
		24FDB5D0249D9FA4003885F3 /* LaunchScreen.storyboard in Resources */ = {isa = PBXBuildFile; fileRef = 24FDB5CE249D9FA4003885F3 /* LaunchScreen.storyboard */; };
		24FDB5DB249D9FA5003885F3 /* WorkTimeTests.swift in Sources */ = {isa = PBXBuildFile; fileRef = 24FDB5DA249D9FA5003885F3 /* WorkTimeTests.swift */; };
		24FDB5E6249D9FA5003885F3 /* WorkTimeUITests.swift in Sources */ = {isa = PBXBuildFile; fileRef = 24FDB5E5249D9FA5003885F3 /* WorkTimeUITests.swift */; };
/* End PBXBuildFile section */

/* Begin PBXContainerItemProxy section */
		24FDB5D7249D9FA5003885F3 /* PBXContainerItemProxy */ = {
			isa = PBXContainerItemProxy;
			containerPortal = 24FDB5B8249D9F9E003885F3 /* Project object */;
			proxyType = 1;
			remoteGlobalIDString = 24FDB5BF249D9F9E003885F3;
			remoteInfo = WorkTime;
		};
		24FDB5E2249D9FA5003885F3 /* PBXContainerItemProxy */ = {
			isa = PBXContainerItemProxy;
			containerPortal = 24FDB5B8249D9F9E003885F3 /* Project object */;
			proxyType = 1;
			remoteGlobalIDString = 24FDB5BF249D9F9E003885F3;
			remoteInfo = WorkTime;
		};
/* End PBXContainerItemProxy section */

/* Begin PBXFileReference section */
		24FDB5C0249D9F9E003885F3 /* WorkTime.app */ = {isa = PBXFileReference; explicitFileType = wrapper.application; includeInIndex = 0; path = WorkTime.app; sourceTree = BUILT_PRODUCTS_DIR; };
		24FDB5C3249D9F9E003885F3 /* AppDelegate.swift */ = {isa = PBXFileReference; lastKnownFileType = sourcecode.swift; path = AppDelegate.swift; sourceTree = "<group>"; };
		24FDB5C5249D9F9E003885F3 /* SceneDelegate.swift */ = {isa = PBXFileReference; lastKnownFileType = sourcecode.swift; path = SceneDelegate.swift; sourceTree = "<group>"; };
		24FDB5C7249D9F9E003885F3 /* ViewController.swift */ = {isa = PBXFileReference; lastKnownFileType = sourcecode.swift; path = ViewController.swift; sourceTree = "<group>"; };
		24FDB5CA249D9F9E003885F3 /* Base */ = {isa = PBXFileReference; lastKnownFileType = file.storyboard; name = Base; path = Base.lproj/Main.storyboard; sourceTree = "<group>"; };
		24FDB5CC249D9FA4003885F3 /* Assets.xcassets */ = {isa = PBXFileReference; lastKnownFileType = folder.assetcatalog; path = Assets.xcassets; sourceTree = "<group>"; };
		24FDB5CF249D9FA4003885F3 /* Base */ = {isa = PBXFileReference; lastKnownFileType = file.storyboard; name = Base; path = Base.lproj/LaunchScreen.storyboard; sourceTree = "<group>"; };
		24FDB5D1249D9FA4003885F3 /* Info.plist */ = {isa = PBXFileReference; lastKnownFileType = text.plist.xml; path = Info.plist; sourceTree = "<group>"; };
		24FDB5D6249D9FA5003885F3 /* WorkTimeTests.xctest */ = {isa = PBXFileReference; explicitFileType = wrapper.cfbundle; includeInIndex = 0; path = WorkTimeTests.xctest; sourceTree = BUILT_PRODUCTS_DIR; };
		24FDB5DA249D9FA5003885F3 /* WorkTimeTests.swift */ = {isa = PBXFileReference; lastKnownFileType = sourcecode.swift; path = WorkTimeTests.swift; sourceTree = "<group>"; };
		24FDB5DC249D9FA5003885F3 /* Info.plist */ = {isa = PBXFileReference; lastKnownFileType = text.plist.xml; path = Info.plist; sourceTree = "<group>"; };
		24FDB5E1249D9FA5003885F3 /* WorkTimeUITests.xctest */ = {isa = PBXFileReference; explicitFileType = wrapper.cfbundle; includeInIndex = 0; path = WorkTimeUITests.xctest; sourceTree = BUILT_PRODUCTS_DIR; };
		24FDB5E5249D9FA5003885F3 /* WorkTimeUITests.swift */ = {isa = PBXFileReference; lastKnownFileType = sourcecode.swift; path = WorkTimeUITests.swift; sourceTree = "<group>"; };
		24FDB5E7249D9FA5003885F3 /* Info.plist */ = {isa = PBXFileReference; lastKnownFileType = text.plist.xml; path = Info.plist; sourceTree = "<group>"; };
/* End PBXFileReference section */

/* Begin PBXFrameworksBuildPhase section */
		24FDB5BD249D9F9E003885F3 /* Frameworks */ = {
			isa = PBXFrameworksBuildPhase;
			buildActionMask = 2147483647;
			files = (
			);
			runOnlyForDeploymentPostprocessing = 0;
		};
		24FDB5D3249D9FA5003885F3 /* Frameworks */ = {
			isa = PBXFrameworksBuildPhase;
			buildActionMask = 2147483647;
			files = (
			);
			runOnlyForDeploymentPostprocessing = 0;
		};
		24FDB5DE249D9FA5003885F3 /* Frameworks */ = {
			isa = PBXFrameworksBuildPhase;
			buildActionMask = 2147483647;
			files = (
			);
			runOnlyForDeploymentPostprocessing = 0;
		};
/* End PBXFrameworksBuildPhase section */

/* Begin PBXGroup section */
		24FDB5B7249D9F9E003885F3 = {
			isa = PBXGroup;
			children = (
				24FDB5C2249D9F9E003885F3 /* WorkTime */,
				24FDB5D9249D9FA5003885F3 /* WorkTimeTests */,
				24FDB5E4249D9FA5003885F3 /* WorkTimeUITests */,
				24FDB5C1249D9F9E003885F3 /* Products */,
			);
			sourceTree = "<group>";
		};
		24FDB5C1249D9F9E003885F3 /* Products */ = {
			isa = PBXGroup;
			children = (
				24FDB5C0249D9F9E003885F3 /* WorkTime.app */,
				24FDB5D6249D9FA5003885F3 /* WorkTimeTests.xctest */,
				24FDB5E1249D9FA5003885F3 /* WorkTimeUITests.xctest */,
			);
			name = Products;
			sourceTree = "<group>";
		};
		24FDB5C2249D9F9E003885F3 /* WorkTime */ = {
			isa = PBXGroup;
			children = (
				24FDB5C3249D9F9E003885F3 /* AppDelegate.swift */,
				24FDB5C5249D9F9E003885F3 /* SceneDelegate.swift */,
				24FDB5C7249D9F9E003885F3 /* ViewController.swift */,
				24FDB5C9249D9F9E003885F3 /* Main.storyboard */,
				24FDB5CC249D9FA4003885F3 /* Assets.xcassets */,
				24FDB5CE249D9FA4003885F3 /* LaunchScreen.storyboard */,
				24FDB5D1249D9FA4003885F3 /* Info.plist */,
			);
			path = WorkTime;
			sourceTree = "<group>";
		};
		24FDB5D9249D9FA5003885F3 /* WorkTimeTests */ = {
			isa = PBXGroup;
			children = (
				24FDB5DA249D9FA5003885F3 /* WorkTimeTests.swift */,
				24FDB5DC249D9FA5003885F3 /* Info.plist */,
			);
			path = WorkTimeTests;
			sourceTree = "<group>";
		};
		24FDB5E4249D9FA5003885F3 /* WorkTimeUITests */ = {
			isa = PBXGroup;
			children = (
				24FDB5E5249D9FA5003885F3 /* WorkTimeUITests.swift */,
				24FDB5E7249D9FA5003885F3 /* Info.plist */,
			);
			path = WorkTimeUITests;
			sourceTree = "<group>";
		};
/* End PBXGroup section */

/* Begin PBXNativeTarget section */
		24FDB5BF249D9F9E003885F3 /* WorkTime */ = {
			isa = PBXNativeTarget;
			buildConfigurationList = 24FDB5EA249D9FA5003885F3 /* Build configuration list for PBXNativeTarget "WorkTime" */;
			buildPhases = (
				24FDB5BC249D9F9E003885F3 /* Sources */,
				24FDB5BD249D9F9E003885F3 /* Frameworks */,
				24FDB5BE249D9F9E003885F3 /* Resources */,
			);
			buildRules = (
			);
			dependencies = (
			);
			name = WorkTime;
			productName = WorkTime;
			productReference = 24FDB5C0249D9F9E003885F3 /* WorkTime.app */;
			productType = "com.apple.product-type.application";
		};
		24FDB5D5249D9FA5003885F3 /* WorkTimeTests */ = {
			isa = PBXNativeTarget;
			buildConfigurationList = 24FDB5ED249D9FA5003885F3 /* Build configuration list for PBXNativeTarget "WorkTimeTests" */;
			buildPhases = (
				24FDB5D2249D9FA5003885F3 /* Sources */,
				24FDB5D3249D9FA5003885F3 /* Frameworks */,
				24FDB5D4249D9FA5003885F3 /* Resources */,
			);
			buildRules = (
			);
			dependencies = (
				24FDB5D8249D9FA5003885F3 /* PBXTargetDependency */,
			);
			name = WorkTimeTests;
			productName = WorkTimeTests;
			productReference = 24FDB5D6249D9FA5003885F3 /* WorkTimeTests.xctest */;
			productType = "com.apple.product-type.bundle.unit-test";
		};
		24FDB5E0249D9FA5003885F3 /* WorkTimeUITests */ = {
			isa = PBXNativeTarget;
			buildConfigurationList = 24FDB5F0249D9FA5003885F3 /* Build configuration list for PBXNativeTarget "WorkTimeUITests" */;
			buildPhases = (
				24FDB5DD249D9FA5003885F3 /* Sources */,
				24FDB5DE249D9FA5003885F3 /* Frameworks */,
				24FDB5DF249D9FA5003885F3 /* Resources */,
			);
			buildRules = (
			);
			dependencies = (
				24FDB5E3249D9FA5003885F3 /* PBXTargetDependency */,
			);
			name = WorkTimeUITests;
			productName = WorkTimeUITests;
			productReference = 24FDB5E1249D9FA5003885F3 /* WorkTimeUITests.xctest */;
			productType = "com.apple.product-type.bundle.ui-testing";
		};
/* End PBXNativeTarget section */

/* Begin PBXProject section */
		24FDB5B8249D9F9E003885F3 /* Project object */ = {
			isa = PBXProject;
			attributes = {
				LastSwiftUpdateCheck = 1150;
				LastUpgradeCheck = 1150;
				ORGANIZATIONNAME = "竹村凜";
				TargetAttributes = {
					24FDB5BF249D9F9E003885F3 = {
						CreatedOnToolsVersion = 11.5;
					};
					24FDB5D5249D9FA5003885F3 = {
						CreatedOnToolsVersion = 11.5;
						TestTargetID = 24FDB5BF249D9F9E003885F3;
					};
					24FDB5E0249D9FA5003885F3 = {
						CreatedOnToolsVersion = 11.5;
						TestTargetID = 24FDB5BF249D9F9E003885F3;
					};
				};
			};
			buildConfigurationList = 24FDB5BB249D9F9E003885F3 /* Build configuration list for PBXProject "WorkTime" */;
			compatibilityVersion = "Xcode 9.3";
			developmentRegion = en;
			hasScannedForEncodings = 0;
			knownRegions = (
				en,
				Base,
			);
			mainGroup = 24FDB5B7249D9F9E003885F3;
			productRefGroup = 24FDB5C1249D9F9E003885F3 /* Products */;
			projectDirPath = "";
			projectRoot = "";
			targets = (
				24FDB5BF249D9F9E003885F3 /* WorkTime */,
				24FDB5D5249D9FA5003885F3 /* WorkTimeTests */,
				24FDB5E0249D9FA5003885F3 /* WorkTimeUITests */,
			);
		};
/* End PBXProject section */

/* Begin PBXResourcesBuildPhase section */
		24FDB5BE249D9F9E003885F3 /* Resources */ = {
			isa = PBXResourcesBuildPhase;
			buildActionMask = 2147483647;
			files = (
				24FDB5D0249D9FA4003885F3 /* LaunchScreen.storyboard in Resources */,
				24FDB5CD249D9FA4003885F3 /* Assets.xcassets in Resources */,
				24FDB5CB249D9F9E003885F3 /* Main.storyboard in Resources */,
			);
			runOnlyForDeploymentPostprocessing = 0;
		};
		24FDB5D4249D9FA5003885F3 /* Resources */ = {
			isa = PBXResourcesBuildPhase;
			buildActionMask = 2147483647;
			files = (
			);
			runOnlyForDeploymentPostprocessing = 0;
		};
		24FDB5DF249D9FA5003885F3 /* Resources */ = {
			isa = PBXResourcesBuildPhase;
			buildActionMask = 2147483647;
			files = (
			);
			runOnlyForDeploymentPostprocessing = 0;
		};
/* End PBXResourcesBuildPhase section */

/* Begin PBXSourcesBuildPhase section */
		24FDB5BC249D9F9E003885F3 /* Sources */ = {
			isa = PBXSourcesBuildPhase;
			buildActionMask = 2147483647;
			files = (
				24FDB5C8249D9F9E003885F3 /* ViewController.swift in Sources */,
				24FDB5C4249D9F9E003885F3 /* AppDelegate.swift in Sources */,
				24FDB5C6249D9F9E003885F3 /* SceneDelegate.swift in Sources */,
			);
			runOnlyForDeploymentPostprocessing = 0;
		};
		24FDB5D2249D9FA5003885F3 /* Sources */ = {
			isa = PBXSourcesBuildPhase;
			buildActionMask = 2147483647;
			files = (
				24FDB5DB249D9FA5003885F3 /* WorkTimeTests.swift in Sources */,
			);
			runOnlyForDeploymentPostprocessing = 0;
		};
		24FDB5DD249D9FA5003885F3 /* Sources */ = {
			isa = PBXSourcesBuildPhase;
			buildActionMask = 2147483647;
			files = (
				24FDB5E6249D9FA5003885F3 /* WorkTimeUITests.swift in Sources */,
			);
			runOnlyForDeploymentPostprocessing = 0;
		};
/* End PBXSourcesBuildPhase section */

/* Begin PBXTargetDependency section */
		24FDB5D8249D9FA5003885F3 /* PBXTargetDependency */ = {
			isa = PBXTargetDependency;
			target = 24FDB5BF249D9F9E003885F3 /* WorkTime */;
			targetProxy = 24FDB5D7249D9FA5003885F3 /* PBXContainerItemProxy */;
		};
		24FDB5E3249D9FA5003885F3 /* PBXTargetDependency */ = {
			isa = PBXTargetDependency;
			target = 24FDB5BF249D9F9E003885F3 /* WorkTime */;
			targetProxy = 24FDB5E2249D9FA5003885F3 /* PBXContainerItemProxy */;
		};
/* End PBXTargetDependency section */

/* Begin PBXVariantGroup section */
		24FDB5C9249D9F9E003885F3 /* Main.storyboard */ = {
			isa = PBXVariantGroup;
			children = (
				24FDB5CA249D9F9E003885F3 /* Base */,
			);
			name = Main.storyboard;
			sourceTree = "<group>";
		};
		24FDB5CE249D9FA4003885F3 /* LaunchScreen.storyboard */ = {
			isa = PBXVariantGroup;
			children = (
				24FDB5CF249D9FA4003885F3 /* Base */,
			);
			name = LaunchScreen.storyboard;
			sourceTree = "<group>";
		};
/* End PBXVariantGroup section */

/* Begin XCBuildConfiguration section */
		24FDB5E8249D9FA5003885F3 /* Debug */ = {
			isa = XCBuildConfiguration;
			buildSettings = {
				ALWAYS_SEARCH_USER_PATHS = NO;
				CLANG_ANALYZER_NONNULL = YES;
				CLANG_ANALYZER_NUMBER_OBJECT_CONVERSION = YES_AGGRESSIVE;
				CLANG_CXX_LANGUAGE_STANDARD = "gnu++14";
				CLANG_CXX_LIBRARY = "libc++";
				CLANG_ENABLE_MODULES = YES;
				CLANG_ENABLE_OBJC_ARC = YES;
				CLANG_ENABLE_OBJC_WEAK = YES;
				CLANG_WARN_BLOCK_CAPTURE_AUTORELEASING = YES;
				CLANG_WARN_BOOL_CONVERSION = YES;
				CLANG_WARN_COMMA = YES;
				CLANG_WARN_CONSTANT_CONVERSION = YES;
				CLANG_WARN_DEPRECATED_OBJC_IMPLEMENTATIONS = YES;
				CLANG_WARN_DIRECT_OBJC_ISA_USAGE = YES_ERROR;
				CLANG_WARN_DOCUMENTATION_COMMENTS = YES;
				CLANG_WARN_EMPTY_BODY = YES;
				CLANG_WARN_ENUM_CONVERSION = YES;
				CLANG_WARN_INFINITE_RECURSION = YES;
				CLANG_WARN_INT_CONVERSION = YES;
				CLANG_WARN_NON_LITERAL_NULL_CONVERSION = YES;
				CLANG_WARN_OBJC_IMPLICIT_RETAIN_SELF = YES;
				CLANG_WARN_OBJC_LITERAL_CONVERSION = YES;
				CLANG_WARN_OBJC_ROOT_CLASS = YES_ERROR;
				CLANG_WARN_RANGE_LOOP_ANALYSIS = YES;
				CLANG_WARN_STRICT_PROTOTYPES = YES;
				CLANG_WARN_SUSPICIOUS_MOVE = YES;
				CLANG_WARN_UNGUARDED_AVAILABILITY = YES_AGGRESSIVE;
				CLANG_WARN_UNREACHABLE_CODE = YES;
				CLANG_WARN__DUPLICATE_METHOD_MATCH = YES;
				COPY_PHASE_STRIP = NO;
				DEBUG_INFORMATION_FORMAT = dwarf;
				ENABLE_STRICT_OBJC_MSGSEND = YES;
				ENABLE_TESTABILITY = YES;
				GCC_C_LANGUAGE_STANDARD = gnu11;
				GCC_DYNAMIC_NO_PIC = NO;
				GCC_NO_COMMON_BLOCKS = YES;
				GCC_OPTIMIZATION_LEVEL = 0;
				GCC_PREPROCESSOR_DEFINITIONS = (
					"DEBUG=1",
					"$(inherited)",
				);
				GCC_WARN_64_TO_32_BIT_CONVERSION = YES;
				GCC_WARN_ABOUT_RETURN_TYPE = YES_ERROR;
				GCC_WARN_UNDECLARED_SELECTOR = YES;
				GCC_WARN_UNINITIALIZED_AUTOS = YES_AGGRESSIVE;
				GCC_WARN_UNUSED_FUNCTION = YES;
				GCC_WARN_UNUSED_VARIABLE = YES;
				IPHONEOS_DEPLOYMENT_TARGET = 13.5;
				MTL_ENABLE_DEBUG_INFO = INCLUDE_SOURCE;
				MTL_FAST_MATH = YES;
				ONLY_ACTIVE_ARCH = YES;
				SDKROOT = iphoneos;
				SWIFT_ACTIVE_COMPILATION_CONDITIONS = DEBUG;
				SWIFT_OPTIMIZATION_LEVEL = "-Onone";
			};
			name = Debug;
		};
		24FDB5E9249D9FA5003885F3 /* Release */ = {
			isa = XCBuildConfiguration;
			buildSettings = {
				ALWAYS_SEARCH_USER_PATHS = NO;
				CLANG_ANALYZER_NONNULL = YES;
				CLANG_ANALYZER_NUMBER_OBJECT_CONVERSION = YES_AGGRESSIVE;
				CLANG_CXX_LANGUAGE_STANDARD = "gnu++14";
				CLANG_CXX_LIBRARY = "libc++";
				CLANG_ENABLE_MODULES = YES;
				CLANG_ENABLE_OBJC_ARC = YES;
				CLANG_ENABLE_OBJC_WEAK = YES;
				CLANG_WARN_BLOCK_CAPTURE_AUTORELEASING = YES;
				CLANG_WARN_BOOL_CONVERSION = YES;
				CLANG_WARN_COMMA = YES;
				CLANG_WARN_CONSTANT_CONVERSION = YES;
				CLANG_WARN_DEPRECATED_OBJC_IMPLEMENTATIONS = YES;
				CLANG_WARN_DIRECT_OBJC_ISA_USAGE = YES_ERROR;
				CLANG_WARN_DOCUMENTATION_COMMENTS = YES;
				CLANG_WARN_EMPTY_BODY = YES;
				CLANG_WARN_ENUM_CONVERSION = YES;
				CLANG_WARN_INFINITE_RECURSION = YES;
				CLANG_WARN_INT_CONVERSION = YES;
				CLANG_WARN_NON_LITERAL_NULL_CONVERSION = YES;
				CLANG_WARN_OBJC_IMPLICIT_RETAIN_SELF = YES;
				CLANG_WARN_OBJC_LITERAL_CONVERSION = YES;
				CLANG_WARN_OBJC_ROOT_CLASS = YES_ERROR;
				CLANG_WARN_RANGE_LOOP_ANALYSIS = YES;
				CLANG_WARN_STRICT_PROTOTYPES = YES;
				CLANG_WARN_SUSPICIOUS_MOVE = YES;
				CLANG_WARN_UNGUARDED_AVAILABILITY = YES_AGGRESSIVE;
				CLANG_WARN_UNREACHABLE_CODE = YES;
				CLANG_WARN__DUPLICATE_METHOD_MATCH = YES;
				COPY_PHASE_STRIP = NO;
				DEBUG_INFORMATION_FORMAT = "dwarf-with-dsym";
				ENABLE_NS_ASSERTIONS = NO;
				ENABLE_STRICT_OBJC_MSGSEND = YES;
				GCC_C_LANGUAGE_STANDARD = gnu11;
				GCC_NO_COMMON_BLOCKS = YES;
				GCC_WARN_64_TO_32_BIT_CONVERSION = YES;
				GCC_WARN_ABOUT_RETURN_TYPE = YES_ERROR;
				GCC_WARN_UNDECLARED_SELECTOR = YES;
				GCC_WARN_UNINITIALIZED_AUTOS = YES_AGGRESSIVE;
				GCC_WARN_UNUSED_FUNCTION = YES;
				GCC_WARN_UNUSED_VARIABLE = YES;
				IPHONEOS_DEPLOYMENT_TARGET = 13.5;
				MTL_ENABLE_DEBUG_INFO = NO;
				MTL_FAST_MATH = YES;
				SDKROOT = iphoneos;
				SWIFT_COMPILATION_MODE = wholemodule;
				SWIFT_OPTIMIZATION_LEVEL = "-O";
				VALIDATE_PRODUCT = YES;
			};
			name = Release;
		};
		24FDB5EB249D9FA5003885F3 /* Debug */ = {
			isa = XCBuildConfiguration;
			buildSettings = {
				ASSETCATALOG_COMPILER_APPICON_NAME = AppIcon;
				CODE_SIGN_STYLE = Automatic;
				DEVELOPMENT_TEAM = P6K8M6RQ2W;
				INFOPLIST_FILE = WorkTime/Info.plist;
				LD_RUNPATH_SEARCH_PATHS = (
					"$(inherited)",
					"@executable_path/Frameworks",
				);
				PRODUCT_BUNDLE_IDENTIFIER = com.r.t.astronomy.WorkTime;
				PRODUCT_NAME = "$(TARGET_NAME)";
				SWIFT_VERSION = 5.0;
				TARGETED_DEVICE_FAMILY = 1;
			};
			name = Debug;
		};
		24FDB5EC249D9FA5003885F3 /* Release */ = {
			isa = XCBuildConfiguration;
			buildSettings = {
				ASSETCATALOG_COMPILER_APPICON_NAME = AppIcon;
				CODE_SIGN_STYLE = Automatic;
				DEVELOPMENT_TEAM = P6K8M6RQ2W;
				INFOPLIST_FILE = WorkTime/Info.plist;
				LD_RUNPATH_SEARCH_PATHS = (
					"$(inherited)",
					"@executable_path/Frameworks",
				);
				PRODUCT_BUNDLE_IDENTIFIER = com.r.t.astronomy.WorkTime;
				PRODUCT_NAME = "$(TARGET_NAME)";
				SWIFT_VERSION = 5.0;
				TARGETED_DEVICE_FAMILY = 1;
			};
			name = Release;
		};
		24FDB5EE249D9FA5003885F3 /* Debug */ = {
			isa = XCBuildConfiguration;
			buildSettings = {
				ALWAYS_EMBED_SWIFT_STANDARD_LIBRARIES = YES;
				BUNDLE_LOADER = "$(TEST_HOST)";
				CODE_SIGN_STYLE = Automatic;
				DEVELOPMENT_TEAM = P6K8M6RQ2W;
				INFOPLIST_FILE = WorkTimeTests/Info.plist;
				IPHONEOS_DEPLOYMENT_TARGET = 13.5;
				LD_RUNPATH_SEARCH_PATHS = (
					"$(inherited)",
					"@executable_path/Frameworks",
					"@loader_path/Frameworks",
				);
				PRODUCT_BUNDLE_IDENTIFIER = com.r.t.astronomy.WorkTimeTests;
				PRODUCT_NAME = "$(TARGET_NAME)";
				SWIFT_VERSION = 5.0;
				TARGETED_DEVICE_FAMILY = "1,2";
				TEST_HOST = "$(BUILT_PRODUCTS_DIR)/WorkTime.app/WorkTime";
			};
			name = Debug;
		};
		24FDB5EF249D9FA5003885F3 /* Release */ = {
			isa = XCBuildConfiguration;
			buildSettings = {
				ALWAYS_EMBED_SWIFT_STANDARD_LIBRARIES = YES;
				BUNDLE_LOADER = "$(TEST_HOST)";
				CODE_SIGN_STYLE = Automatic;
				DEVELOPMENT_TEAM = P6K8M6RQ2W;
				INFOPLIST_FILE = WorkTimeTests/Info.plist;
				IPHONEOS_DEPLOYMENT_TARGET = 13.5;
				LD_RUNPATH_SEARCH_PATHS = (
					"$(inherited)",
					"@executable_path/Frameworks",
					"@loader_path/Frameworks",
				);
				PRODUCT_BUNDLE_IDENTIFIER = com.r.t.astronomy.WorkTimeTests;
				PRODUCT_NAME = "$(TARGET_NAME)";
				SWIFT_VERSION = 5.0;
				TARGETED_DEVICE_FAMILY = "1,2";
				TEST_HOST = "$(BUILT_PRODUCTS_DIR)/WorkTime.app/WorkTime";
			};
			name = Release;
		};
		24FDB5F1249D9FA5003885F3 /* Debug */ = {
			isa = XCBuildConfiguration;
			buildSettings = {
				ALWAYS_EMBED_SWIFT_STANDARD_LIBRARIES = YES;
				CODE_SIGN_STYLE = Automatic;
				DEVELOPMENT_TEAM = P6K8M6RQ2W;
				INFOPLIST_FILE = WorkTimeUITests/Info.plist;
				LD_RUNPATH_SEARCH_PATHS = (
					"$(inherited)",
					"@executable_path/Frameworks",
					"@loader_path/Frameworks",
				);
				PRODUCT_BUNDLE_IDENTIFIER = com.r.t.astronomy.WorkTimeUITests;
				PRODUCT_NAME = "$(TARGET_NAME)";
				SWIFT_VERSION = 5.0;
				TARGETED_DEVICE_FAMILY = "1,2";
				TEST_TARGET_NAME = WorkTime;
			};
			name = Debug;
		};
		24FDB5F2249D9FA5003885F3 /* Release */ = {
			isa = XCBuildConfiguration;
			buildSettings = {
				ALWAYS_EMBED_SWIFT_STANDARD_LIBRARIES = YES;
				CODE_SIGN_STYLE = Automatic;
				DEVELOPMENT_TEAM = P6K8M6RQ2W;
				INFOPLIST_FILE = WorkTimeUITests/Info.plist;
				LD_RUNPATH_SEARCH_PATHS = (
					"$(inherited)",
					"@executable_path/Frameworks",
					"@loader_path/Frameworks",
				);
				PRODUCT_BUNDLE_IDENTIFIER = com.r.t.astronomy.WorkTimeUITests;
				PRODUCT_NAME = "$(TARGET_NAME)";
				SWIFT_VERSION = 5.0;
				TARGETED_DEVICE_FAMILY = "1,2";
				TEST_TARGET_NAME = WorkTime;
			};
			name = Release;
		};
/* End XCBuildConfiguration section */

/* Begin XCConfigurationList section */
		24FDB5BB249D9F9E003885F3 /* Build configuration list for PBXProject "WorkTime" */ = {
			isa = XCConfigurationList;
			buildConfigurations = (
				24FDB5E8249D9FA5003885F3 /* Debug */,
				24FDB5E9249D9FA5003885F3 /* Release */,
			);
			defaultConfigurationIsVisible = 0;
			defaultConfigurationName = Release;
		};
		24FDB5EA249D9FA5003885F3 /* Build configuration list for PBXNativeTarget "WorkTime" */ = {
			isa = XCConfigurationList;
			buildConfigurations = (
				24FDB5EB249D9FA5003885F3 /* Debug */,
				24FDB5EC249D9FA5003885F3 /* Release */,
			);
			defaultConfigurationIsVisible = 0;
			defaultConfigurationName = Release;
		};
		24FDB5ED249D9FA5003885F3 /* Build configuration list for PBXNativeTarget "WorkTimeTests" */ = {
			isa = XCConfigurationList;
			buildConfigurations = (
				24FDB5EE249D9FA5003885F3 /* Debug */,
				24FDB5EF249D9FA5003885F3 /* Release */,
			);
			defaultConfigurationIsVisible = 0;
			defaultConfigurationName = Release;
		};
		24FDB5F0249D9FA5003885F3 /* Build configuration list for PBXNativeTarget "WorkTimeUITests" */ = {
			isa = XCConfigurationList;
			buildConfigurations = (
				24FDB5F1249D9FA5003885F3 /* Debug */,
				24FDB5F2249D9FA5003885F3 /* Release */,
			);
			defaultConfigurationIsVisible = 0;
			defaultConfigurationName = Release;
		};
/* End XCConfigurationList section */
	};
	rootObject = 24FDB5B8249D9F9E003885F3 /* Project object */;
}
