// !$*UTF8*$!
{
	archiveVersion = 1;
	classes = {
	};
	objectVersion = 51;
	objects = {

/* Begin PBXBuildFile section */
		228E940E171669B020C8896A /* Pods_WorkTime.framework in Frameworks */ = {isa = PBXBuildFile; fileRef = B5B53654DB898F867ECA3EE3 /* Pods_WorkTime.framework */; };
		243784C524C2721200F157F6 /* DayDetailTableViewCell.swift in Sources */ = {isa = PBXBuildFile; fileRef = 243784C424C2721200F157F6 /* DayDetailTableViewCell.swift */; };
		243784C724C2774800F157F6 /* PickerViewController.swift in Sources */ = {isa = PBXBuildFile; fileRef = 243784C624C2774800F157F6 /* PickerViewController.swift */; };
		24D0F9DE24B17EF1008D2187 /* CustomTableViewCell.swift in Sources */ = {isa = PBXBuildFile; fileRef = 24D0F9DD24B17EF0008D2187 /* CustomTableViewCell.swift */; };
		24D0FA1C24B93118008D2187 /* DayDetailViewController.swift in Sources */ = {isa = PBXBuildFile; fileRef = 24D0FA1B24B93118008D2187 /* DayDetailViewController.swift */; };
		24FDB5C4249D9F9E003885F3 /* AppDelegate.swift in Sources */ = {isa = PBXBuildFile; fileRef = 24FDB5C3249D9F9E003885F3 /* AppDelegate.swift */; };
		24FDB5C6249D9F9E003885F3 /* SceneDelegate.swift in Sources */ = {isa = PBXBuildFile; fileRef = 24FDB5C5249D9F9E003885F3 /* SceneDelegate.swift */; };
		24FDB5CD249D9FA4003885F3 /* Assets.xcassets in Resources */ = {isa = PBXBuildFile; fileRef = 24FDB5CC249D9FA4003885F3 /* Assets.xcassets */; };
		24FDB5D0249D9FA4003885F3 /* LaunchScreen.storyboard in Resources */ = {isa = PBXBuildFile; fileRef = 24FDB5CE249D9FA4003885F3 /* LaunchScreen.storyboard */; };
		24FDB5DB249D9FA5003885F3 /* WorkTimeTests.swift in Sources */ = {isa = PBXBuildFile; fileRef = 24FDB5DA249D9FA5003885F3 /* WorkTimeTests.swift */; };
		24FDB5E6249D9FA5003885F3 /* WorkTimeUITests.swift in Sources */ = {isa = PBXBuildFile; fileRef = 24FDB5E5249D9FA5003885F3 /* WorkTimeUITests.swift */; };
		24FDB5F4249F7BE8003885F3 /* Main.storyboard in Resources */ = {isa = PBXBuildFile; fileRef = 24FDB5F3249F7BE8003885F3 /* Main.storyboard */; };
		24FDB60C24A4E8F8003885F3 /* Tab1ViewController.swift in Sources */ = {isa = PBXBuildFile; fileRef = 24FDB60B24A4E8F8003885F3 /* Tab1ViewController.swift */; };
		24FDB60E24A646E5003885F3 /* CreateCircle.swift in Sources */ = {isa = PBXBuildFile; fileRef = 24FDB60D24A646E5003885F3 /* CreateCircle.swift */; };
		24FDB61024A6C663003885F3 /* Tab2ViewController.swift in Sources */ = {isa = PBXBuildFile; fileRef = 24FDB60F24A6C663003885F3 /* Tab2ViewController.swift */; };
		24FDB61224A6C67C003885F3 /* Tab3ViewController.swift in Sources */ = {isa = PBXBuildFile; fileRef = 24FDB61124A6C67C003885F3 /* Tab3ViewController.swift */; };
		24FDB61424A6C688003885F3 /* Tab4ViewController.swift in Sources */ = {isa = PBXBuildFile; fileRef = 24FDB61324A6C688003885F3 /* Tab4ViewController.swift */; };
		24FDB61624A6C83A003885F3 /* DetailSettingViewController.swift in Sources */ = {isa = PBXBuildFile; fileRef = 24FDB61524A6C83A003885F3 /* DetailSettingViewController.swift */; };
		B81632123659354DC5415419 /* Pods_WorkTimeTests.framework in Frameworks */ = {isa = PBXBuildFile; fileRef = 2A88BAA83FBD970BCC5A50B4 /* Pods_WorkTimeTests.framework */; };
		F9789CC8F1ACE1CB0A883E44 /* Pods_WorkTime_WorkTimeUITests.framework in Frameworks */ = {isa = PBXBuildFile; fileRef = E9A0927BBE57AC374A06E591 /* Pods_WorkTime_WorkTimeUITests.framework */; };
/* End PBXBuildFile section */

/* Begin PBXContainerItemProxy section */
		24FDB5D7249D9FA5003885F3 /* PBXContainerItemProxy */ = {
			isa = PBXContainerItemProxy;
			containerPortal = 24FDB5B8249D9F9E003885F3 /* Project object */;
			proxyType = 1;
			remoteGlobalIDString = 24FDB5BF249D9F9E003885F3;
			remoteInfo = WorkTime;
		};
		24FDB5E2249D9FA5003885F3 /* PBXContainerItemProxy */ = {
			isa = PBXContainerItemProxy;
			containerPortal = 24FDB5B8249D9F9E003885F3 /* Project object */;
			proxyType = 1;
			remoteGlobalIDString = 24FDB5BF249D9F9E003885F3;
			remoteInfo = WorkTime;
		};
/* End PBXContainerItemProxy section */

/* Begin PBXFileReference section */
		243784C424C2721200F157F6 /* DayDetailTableViewCell.swift */ = {isa = PBXFileReference; lastKnownFileType = sourcecode.swift; path = DayDetailTableViewCell.swift; sourceTree = "<group>"; };
		243784C624C2774800F157F6 /* PickerViewController.swift */ = {isa = PBXFileReference; lastKnownFileType = sourcecode.swift; path = PickerViewController.swift; sourceTree = "<group>"; };
		24D0F9DD24B17EF0008D2187 /* CustomTableViewCell.swift */ = {isa = PBXFileReference; lastKnownFileType = sourcecode.swift; path = CustomTableViewCell.swift; sourceTree = "<group>"; };
		24D0FA1B24B93118008D2187 /* DayDetailViewController.swift */ = {isa = PBXFileReference; lastKnownFileType = sourcecode.swift; path = DayDetailViewController.swift; sourceTree = "<group>"; };
		24FDB5C0249D9F9E003885F3 /* WorkTime.app */ = {isa = PBXFileReference; explicitFileType = wrapper.application; includeInIndex = 0; path = WorkTime.app; sourceTree = BUILT_PRODUCTS_DIR; };
		24FDB5C3249D9F9E003885F3 /* AppDelegate.swift */ = {isa = PBXFileReference; lastKnownFileType = sourcecode.swift; path = AppDelegate.swift; sourceTree = "<group>"; };
		24FDB5C5249D9F9E003885F3 /* SceneDelegate.swift */ = {isa = PBXFileReference; lastKnownFileType = sourcecode.swift; path = SceneDelegate.swift; sourceTree = "<group>"; };
		24FDB5CC249D9FA4003885F3 /* Assets.xcassets */ = {isa = PBXFileReference; lastKnownFileType = folder.assetcatalog; path = Assets.xcassets; sourceTree = "<group>"; };
		24FDB5CF249D9FA4003885F3 /* Base */ = {isa = PBXFileReference; lastKnownFileType = file.storyboard; name = Base; path = Base.lproj/LaunchScreen.storyboard; sourceTree = "<group>"; };
		24FDB5D1249D9FA4003885F3 /* Info.plist */ = {isa = PBXFileReference; lastKnownFileType = text.plist.xml; path = Info.plist; sourceTree = "<group>"; };
		24FDB5D6249D9FA5003885F3 /* WorkTimeTests.xctest */ = {isa = PBXFileReference; explicitFileType = wrapper.cfbundle; includeInIndex = 0; path = WorkTimeTests.xctest; sourceTree = BUILT_PRODUCTS_DIR; };
		24FDB5DA249D9FA5003885F3 /* WorkTimeTests.swift */ = {isa = PBXFileReference; lastKnownFileType = sourcecode.swift; path = WorkTimeTests.swift; sourceTree = "<group>"; };
		24FDB5DC249D9FA5003885F3 /* Info.plist */ = {isa = PBXFileReference; lastKnownFileType = text.plist.xml; path = Info.plist; sourceTree = "<group>"; };
		24FDB5E1249D9FA5003885F3 /* WorkTimeUITests.xctest */ = {isa = PBXFileReference; explicitFileType = wrapper.cfbundle; includeInIndex = 0; path = WorkTimeUITests.xctest; sourceTree = BUILT_PRODUCTS_DIR; };
		24FDB5E5249D9FA5003885F3 /* WorkTimeUITests.swift */ = {isa = PBXFileReference; lastKnownFileType = sourcecode.swift; path = WorkTimeUITests.swift; sourceTree = "<group>"; };
		24FDB5E7249D9FA5003885F3 /* Info.plist */ = {isa = PBXFileReference; lastKnownFileType = text.plist.xml; path = Info.plist; sourceTree = "<group>"; };
		24FDB5F3249F7BE8003885F3 /* Main.storyboard */ = {isa = PBXFileReference; fileEncoding = 4; lastKnownFileType = file.storyboard; path = Main.storyboard; sourceTree = "<group>"; };
		24FDB60B24A4E8F8003885F3 /* Tab1ViewController.swift */ = {isa = PBXFileReference; lastKnownFileType = sourcecode.swift; path = Tab1ViewController.swift; sourceTree = "<group>"; };
		24FDB60D24A646E5003885F3 /* CreateCircle.swift */ = {isa = PBXFileReference; lastKnownFileType = sourcecode.swift; path = CreateCircle.swift; sourceTree = "<group>"; };
		24FDB60F24A6C663003885F3 /* Tab2ViewController.swift */ = {isa = PBXFileReference; lastKnownFileType = sourcecode.swift; path = Tab2ViewController.swift; sourceTree = "<group>"; };
		24FDB61124A6C67C003885F3 /* Tab3ViewController.swift */ = {isa = PBXFileReference; lastKnownFileType = sourcecode.swift; path = Tab3ViewController.swift; sourceTree = "<group>"; };
		24FDB61324A6C688003885F3 /* Tab4ViewController.swift */ = {isa = PBXFileReference; lastKnownFileType = sourcecode.swift; path = Tab4ViewController.swift; sourceTree = "<group>"; };
		24FDB61524A6C83A003885F3 /* DetailSettingViewController.swift */ = {isa = PBXFileReference; lastKnownFileType = sourcecode.swift; path = DetailSettingViewController.swift; sourceTree = "<group>"; };
		2A88BAA83FBD970BCC5A50B4 /* Pods_WorkTimeTests.framework */ = {isa = PBXFileReference; explicitFileType = wrapper.framework; includeInIndex = 0; path = Pods_WorkTimeTests.framework; sourceTree = BUILT_PRODUCTS_DIR; };
		3A0EC40D5D2135A371743017 /* Pods-WorkTime.debug.xcconfig */ = {isa = PBXFileReference; includeInIndex = 1; lastKnownFileType = text.xcconfig; name = "Pods-WorkTime.debug.xcconfig"; path = "Target Support Files/Pods-WorkTime/Pods-WorkTime.debug.xcconfig"; sourceTree = "<group>"; };
		6AF657DF32D42D98EA6A2CDC /* Pods-WorkTime-WorkTimeUITests.debug.xcconfig */ = {isa = PBXFileReference; includeInIndex = 1; lastKnownFileType = text.xcconfig; name = "Pods-WorkTime-WorkTimeUITests.debug.xcconfig"; path = "Target Support Files/Pods-WorkTime-WorkTimeUITests/Pods-WorkTime-WorkTimeUITests.debug.xcconfig"; sourceTree = "<group>"; };
		983BE64D1B12F4A6BF2F1D41 /* Pods-WorkTime.release.xcconfig */ = {isa = PBXFileReference; includeInIndex = 1; lastKnownFileType = text.xcconfig; name = "Pods-WorkTime.release.xcconfig"; path = "Target Support Files/Pods-WorkTime/Pods-WorkTime.release.xcconfig"; sourceTree = "<group>"; };
		B5B53654DB898F867ECA3EE3 /* Pods_WorkTime.framework */ = {isa = PBXFileReference; explicitFileType = wrapper.framework; includeInIndex = 0; path = Pods_WorkTime.framework; sourceTree = BUILT_PRODUCTS_DIR; };
		CD9FF30C64BA572327BD98B9 /* Pods-WorkTime-WorkTimeUITests.release.xcconfig */ = {isa = PBXFileReference; includeInIndex = 1; lastKnownFileType = text.xcconfig; name = "Pods-WorkTime-WorkTimeUITests.release.xcconfig"; path = "Target Support Files/Pods-WorkTime-WorkTimeUITests/Pods-WorkTime-WorkTimeUITests.release.xcconfig"; sourceTree = "<group>"; };
		DA98F1E03CB2F3460E07B514 /* Pods-WorkTimeTests.release.xcconfig */ = {isa = PBXFileReference; includeInIndex = 1; lastKnownFileType = text.xcconfig; name = "Pods-WorkTimeTests.release.xcconfig"; path = "Target Support Files/Pods-WorkTimeTests/Pods-WorkTimeTests.release.xcconfig"; sourceTree = "<group>"; };
		E9A0927BBE57AC374A06E591 /* Pods_WorkTime_WorkTimeUITests.framework */ = {isa = PBXFileReference; explicitFileType = wrapper.framework; includeInIndex = 0; path = Pods_WorkTime_WorkTimeUITests.framework; sourceTree = BUILT_PRODUCTS_DIR; };
		ED3AB2447BB98870FDC2CC17 /* Pods-WorkTimeTests.debug.xcconfig */ = {isa = PBXFileReference; includeInIndex = 1; lastKnownFileType = text.xcconfig; name = "Pods-WorkTimeTests.debug.xcconfig"; path = "Target Support Files/Pods-WorkTimeTests/Pods-WorkTimeTests.debug.xcconfig"; sourceTree = "<group>"; };
/* End PBXFileReference section */

/* Begin PBXFrameworksBuildPhase section */
		24FDB5BD249D9F9E003885F3 /* Frameworks */ = {
			isa = PBXFrameworksBuildPhase;
			buildActionMask = 2147483647;
			files = (
				228E940E171669B020C8896A /* Pods_WorkTime.framework in Frameworks */,
			);
			runOnlyForDeploymentPostprocessing = 0;
		};
		24FDB5D3249D9FA5003885F3 /* Frameworks */ = {
			isa = PBXFrameworksBuildPhase;
			buildActionMask = 2147483647;
			files = (
				B81632123659354DC5415419 /* Pods_WorkTimeTests.framework in Frameworks */,
			);
			runOnlyForDeploymentPostprocessing = 0;
		};
		24FDB5DE249D9FA5003885F3 /* Frameworks */ = {
			isa = PBXFrameworksBuildPhase;
			buildActionMask = 2147483647;
			files = (
				F9789CC8F1ACE1CB0A883E44 /* Pods_WorkTime_WorkTimeUITests.framework in Frameworks */,
			);
			runOnlyForDeploymentPostprocessing = 0;
		};
/* End PBXFrameworksBuildPhase section */

/* Begin PBXGroup section */
		24FDB5B7249D9F9E003885F3 = {
			isa = PBXGroup;
			children = (
				24FDB5C2249D9F9E003885F3 /* WorkTime */,
				24FDB5D9249D9FA5003885F3 /* WorkTimeTests */,
				24FDB5E4249D9FA5003885F3 /* WorkTimeUITests */,
				24FDB5C1249D9F9E003885F3 /* Products */,
				3B8B93D48990A03AA703E0E6 /* Pods */,
				D8A5D77312F5F3055F2A9E7E /* Frameworks */,
			);
			sourceTree = "<group>";
		};
		24FDB5C1249D9F9E003885F3 /* Products */ = {
			isa = PBXGroup;
			children = (
				24FDB5C0249D9F9E003885F3 /* WorkTime.app */,
				24FDB5D6249D9FA5003885F3 /* WorkTimeTests.xctest */,
				24FDB5E1249D9FA5003885F3 /* WorkTimeUITests.xctest */,
			);
			name = Products;
			sourceTree = "<group>";
		};
		24FDB5C2249D9F9E003885F3 /* WorkTime */ = {
			isa = PBXGroup;
			children = (
				24FDB60A24A4E8B0003885F3 /* Controller */,
				24FDB60924A4E8A4003885F3 /* Model */,
				24FDB60824A4E884003885F3 /* View */,
				24FDB5C3249D9F9E003885F3 /* AppDelegate.swift */,
				24FDB5C5249D9F9E003885F3 /* SceneDelegate.swift */,
				24FDB5CC249D9FA4003885F3 /* Assets.xcassets */,
				24FDB5CE249D9FA4003885F3 /* LaunchScreen.storyboard */,
				24FDB5D1249D9FA4003885F3 /* Info.plist */,
			);
			path = WorkTime;
			sourceTree = "<group>";
		};
		24FDB5D9249D9FA5003885F3 /* WorkTimeTests */ = {
			isa = PBXGroup;
			children = (
				24FDB5DA249D9FA5003885F3 /* WorkTimeTests.swift */,
				24FDB5DC249D9FA5003885F3 /* Info.plist */,
			);
			path = WorkTimeTests;
			sourceTree = "<group>";
		};
		24FDB5E4249D9FA5003885F3 /* WorkTimeUITests */ = {
			isa = PBXGroup;
			children = (
				24FDB5E5249D9FA5003885F3 /* WorkTimeUITests.swift */,
				24FDB5E7249D9FA5003885F3 /* Info.plist */,
			);
			path = WorkTimeUITests;
			sourceTree = "<group>";
		};
		24FDB60824A4E884003885F3 /* View */ = {
			isa = PBXGroup;
			children = (
				243784C624C2774800F157F6 /* PickerViewController.swift */,
				24FDB5F3249F7BE8003885F3 /* Main.storyboard */,
			);
			path = View;
			sourceTree = "<group>";
		};
		24FDB60924A4E8A4003885F3 /* Model */ = {
			isa = PBXGroup;
			children = (
				24FDB60D24A646E5003885F3 /* CreateCircle.swift */,
			);
			path = Model;
			sourceTree = "<group>";
		};
		24FDB60A24A4E8B0003885F3 /* Controller */ = {
			isa = PBXGroup;
			children = (
				24FDB60B24A4E8F8003885F3 /* Tab1ViewController.swift */,
				24FDB60F24A6C663003885F3 /* Tab2ViewController.swift */,
				24FDB61124A6C67C003885F3 /* Tab3ViewController.swift */,
				24FDB61324A6C688003885F3 /* Tab4ViewController.swift */,
				24FDB61524A6C83A003885F3 /* DetailSettingViewController.swift */,
				24D0F9DD24B17EF0008D2187 /* CustomTableViewCell.swift */,
				24D0FA1B24B93118008D2187 /* DayDetailViewController.swift */,
				243784C424C2721200F157F6 /* DayDetailTableViewCell.swift */,
			);
			path = Controller;
			sourceTree = "<group>";
		};
		3B8B93D48990A03AA703E0E6 /* Pods */ = {
			isa = PBXGroup;
			children = (
				3A0EC40D5D2135A371743017 /* Pods-WorkTime.debug.xcconfig */,
				983BE64D1B12F4A6BF2F1D41 /* Pods-WorkTime.release.xcconfig */,
				6AF657DF32D42D98EA6A2CDC /* Pods-WorkTime-WorkTimeUITests.debug.xcconfig */,
				CD9FF30C64BA572327BD98B9 /* Pods-WorkTime-WorkTimeUITests.release.xcconfig */,
				ED3AB2447BB98870FDC2CC17 /* Pods-WorkTimeTests.debug.xcconfig */,
				DA98F1E03CB2F3460E07B514 /* Pods-WorkTimeTests.release.xcconfig */,
			);
			path = Pods;
			sourceTree = "<group>";
		};
		D8A5D77312F5F3055F2A9E7E /* Frameworks */ = {
			isa = PBXGroup;
			children = (
				B5B53654DB898F867ECA3EE3 /* Pods_WorkTime.framework */,
				E9A0927BBE57AC374A06E591 /* Pods_WorkTime_WorkTimeUITests.framework */,
				2A88BAA83FBD970BCC5A50B4 /* Pods_WorkTimeTests.framework */,
			);
			name = Frameworks;
			sourceTree = "<group>";
		};
/* End PBXGroup section */

/* Begin PBXNativeTarget section */
		24FDB5BF249D9F9E003885F3 /* WorkTime */ = {
			isa = PBXNativeTarget;
			buildConfigurationList = 24FDB5EA249D9FA5003885F3 /* Build configuration list for PBXNativeTarget "WorkTime" */;
			buildPhases = (
				6082EC20157800EB47FB4FF6 /* [CP] Check Pods Manifest.lock */,
				24FDB5BC249D9F9E003885F3 /* Sources */,
				24FDB5BD249D9F9E003885F3 /* Frameworks */,
				24FDB5BE249D9F9E003885F3 /* Resources */,
				67BBD4B386FDF711AA1AB2FD /* [CP] Embed Pods Frameworks */,
				243784C824CBCA1C00F157F6 /* ShellScript */,
			);
			buildRules = (
			);
			dependencies = (
			);
			name = WorkTime;
			productName = WorkTime;
			productReference = 24FDB5C0249D9F9E003885F3 /* WorkTime.app */;
			productType = "com.apple.product-type.application";
		};
		24FDB5D5249D9FA5003885F3 /* WorkTimeTests */ = {
			isa = PBXNativeTarget;
			buildConfigurationList = 24FDB5ED249D9FA5003885F3 /* Build configuration list for PBXNativeTarget "WorkTimeTests" */;
			buildPhases = (
				6EF2EA6A96B1E3CB801B67A8 /* [CP] Check Pods Manifest.lock */,
				24FDB5D2249D9FA5003885F3 /* Sources */,
				24FDB5D3249D9FA5003885F3 /* Frameworks */,
				24FDB5D4249D9FA5003885F3 /* Resources */,
			);
			buildRules = (
			);
			dependencies = (
				24FDB5D8249D9FA5003885F3 /* PBXTargetDependency */,
			);
			name = WorkTimeTests;
			productName = WorkTimeTests;
			productReference = 24FDB5D6249D9FA5003885F3 /* WorkTimeTests.xctest */;
			productType = "com.apple.product-type.bundle.unit-test";
		};
		24FDB5E0249D9FA5003885F3 /* WorkTimeUITests */ = {
			isa = PBXNativeTarget;
			buildConfigurationList = 24FDB5F0249D9FA5003885F3 /* Build configuration list for PBXNativeTarget "WorkTimeUITests" */;
			buildPhases = (
				5F10466417FC7888CE49E895 /* [CP] Check Pods Manifest.lock */,
				24FDB5DD249D9FA5003885F3 /* Sources */,
				24FDB5DE249D9FA5003885F3 /* Frameworks */,
				24FDB5DF249D9FA5003885F3 /* Resources */,
				4E0C1F5B1C945D8F7686A45D /* [CP] Embed Pods Frameworks */,
			);
			buildRules = (
			);
			dependencies = (
				24FDB5E3249D9FA5003885F3 /* PBXTargetDependency */,
			);
			name = WorkTimeUITests;
			productName = WorkTimeUITests;
			productReference = 24FDB5E1249D9FA5003885F3 /* WorkTimeUITests.xctest */;
			productType = "com.apple.product-type.bundle.ui-testing";
		};
/* End PBXNativeTarget section */

/* Begin PBXProject section */
		24FDB5B8249D9F9E003885F3 /* Project object */ = {
			isa = PBXProject;
			attributes = {
				LastSwiftUpdateCheck = 1150;
				LastUpgradeCheck = 1150;
				ORGANIZATIONNAME = "竹村凜";
				TargetAttributes = {
					24FDB5BF249D9F9E003885F3 = {
						CreatedOnToolsVersion = 11.5;
					};
					24FDB5D5249D9FA5003885F3 = {
						CreatedOnToolsVersion = 11.5;
						TestTargetID = 24FDB5BF249D9F9E003885F3;
					};
					24FDB5E0249D9FA5003885F3 = {
						CreatedOnToolsVersion = 11.5;
						TestTargetID = 24FDB5BF249D9F9E003885F3;
					};
				};
			};
			buildConfigurationList = 24FDB5BB249D9F9E003885F3 /* Build configuration list for PBXProject "WorkTime" */;
			compatibilityVersion = "Xcode 9.3";
			developmentRegion = en;
			hasScannedForEncodings = 0;
			knownRegions = (
				en,
				Base,
			);
			mainGroup = 24FDB5B7249D9F9E003885F3;
			productRefGroup = 24FDB5C1249D9F9E003885F3 /* Products */;
			projectDirPath = "";
			projectRoot = "";
			targets = (
				24FDB5BF249D9F9E003885F3 /* WorkTime */,
				24FDB5D5249D9FA5003885F3 /* WorkTimeTests */,
				24FDB5E0249D9FA5003885F3 /* WorkTimeUITests */,
			);
		};
/* End PBXProject section */

/* Begin PBXResourcesBuildPhase section */
		24FDB5BE249D9F9E003885F3 /* Resources */ = {
			isa = PBXResourcesBuildPhase;
			buildActionMask = 2147483647;
			files = (
				24FDB5F4249F7BE8003885F3 /* Main.storyboard in Resources */,
				24FDB5D0249D9FA4003885F3 /* LaunchScreen.storyboard in Resources */,
				24FDB5CD249D9FA4003885F3 /* Assets.xcassets in Resources */,
			);
			runOnlyForDeploymentPostprocessing = 0;
		};
		24FDB5D4249D9FA5003885F3 /* Resources */ = {
			isa = PBXResourcesBuildPhase;
			buildActionMask = 2147483647;
			files = (
			);
			runOnlyForDeploymentPostprocessing = 0;
		};
		24FDB5DF249D9FA5003885F3 /* Resources */ = {
			isa = PBXResourcesBuildPhase;
			buildActionMask = 2147483647;
			files = (
			);
			runOnlyForDeploymentPostprocessing = 0;
		};
/* End PBXResourcesBuildPhase section */

/* Begin PBXShellScriptBuildPhase section */
		243784C824CBCA1C00F157F6 /* ShellScript */ = {
			isa = PBXShellScriptBuildPhase;
			buildActionMask = 2147483647;
			files = (
			);
			inputFileListPaths = (
			);
			inputPaths = (
			);
			outputFileListPaths = (
			);
			outputPaths = (
			);
			runOnlyForDeploymentPostprocessing = 0;
			shellPath = /bin/sh;
			shellScript = "if which \"${PODS_ROOT}/SwiftLint/swiftlint\" >/dev/null; then\n${PODS_ROOT}/SwiftLint/swiftlint\nelse\necho \"warning: SwiftLint not installed, download from https://github.com/realm/SwiftLint\"\nfi\n";
		};
		4E0C1F5B1C945D8F7686A45D /* [CP] Embed Pods Frameworks */ = {
			isa = PBXShellScriptBuildPhase;
			buildActionMask = 2147483647;
			files = (
			);
			inputFileListPaths = (
				"${PODS_ROOT}/Target Support Files/Pods-WorkTime-WorkTimeUITests/Pods-WorkTime-WorkTimeUITests-frameworks-${CONFIGURATION}-input-files.xcfilelist",
			);
			name = "[CP] Embed Pods Frameworks";
			outputFileListPaths = (
				"${PODS_ROOT}/Target Support Files/Pods-WorkTime-WorkTimeUITests/Pods-WorkTime-WorkTimeUITests-frameworks-${CONFIGURATION}-output-files.xcfilelist",
			);
			runOnlyForDeploymentPostprocessing = 0;
			shellPath = /bin/sh;
			shellScript = "\"${PODS_ROOT}/Target Support Files/Pods-WorkTime-WorkTimeUITests/Pods-WorkTime-WorkTimeUITests-frameworks.sh\"\n";
			showEnvVarsInLog = 0;
		};
		5F10466417FC7888CE49E895 /* [CP] Check Pods Manifest.lock */ = {
			isa = PBXShellScriptBuildPhase;
			buildActionMask = 2147483647;
			files = (
			);
			inputFileListPaths = (
			);
			inputPaths = (
				"${PODS_PODFILE_DIR_PATH}/Podfile.lock",
				"${PODS_ROOT}/Manifest.lock",
			);
			name = "[CP] Check Pods Manifest.lock";
			outputFileListPaths = (
			);
			outputPaths = (
				"$(DERIVED_FILE_DIR)/Pods-WorkTime-WorkTimeUITests-checkManifestLockResult.txt",
			);
			runOnlyForDeploymentPostprocessing = 0;
			shellPath = /bin/sh;
			shellScript = "diff \"${PODS_PODFILE_DIR_PATH}/Podfile.lock\" \"${PODS_ROOT}/Manifest.lock\" > /dev/null\nif [ $? != 0 ] ; then\n    # print error to STDERR\n    echo \"error: The sandbox is not in sync with the Podfile.lock. Run 'pod install' or update your CocoaPods installation.\" >&2\n    exit 1\nfi\n# This output is used by Xcode 'outputs' to avoid re-running this script phase.\necho \"SUCCESS\" > \"${SCRIPT_OUTPUT_FILE_0}\"\n";
			showEnvVarsInLog = 0;
		};
		6082EC20157800EB47FB4FF6 /* [CP] Check Pods Manifest.lock */ = {
			isa = PBXShellScriptBuildPhase;
			buildActionMask = 2147483647;
			files = (
			);
			inputFileListPaths = (
			);
			inputPaths = (
				"${PODS_PODFILE_DIR_PATH}/Podfile.lock",
				"${PODS_ROOT}/Manifest.lock",
			);
			name = "[CP] Check Pods Manifest.lock";
			outputFileListPaths = (
			);
			outputPaths = (
				"$(DERIVED_FILE_DIR)/Pods-WorkTime-checkManifestLockResult.txt",
			);
			runOnlyForDeploymentPostprocessing = 0;
			shellPath = /bin/sh;
			shellScript = "diff \"${PODS_PODFILE_DIR_PATH}/Podfile.lock\" \"${PODS_ROOT}/Manifest.lock\" > /dev/null\nif [ $? != 0 ] ; then\n    # print error to STDERR\n    echo \"error: The sandbox is not in sync with the Podfile.lock. Run 'pod install' or update your CocoaPods installation.\" >&2\n    exit 1\nfi\n# This output is used by Xcode 'outputs' to avoid re-running this script phase.\necho \"SUCCESS\" > \"${SCRIPT_OUTPUT_FILE_0}\"\n";
			showEnvVarsInLog = 0;
		};
		67BBD4B386FDF711AA1AB2FD /* [CP] Embed Pods Frameworks */ = {
			isa = PBXShellScriptBuildPhase;
			buildActionMask = 2147483647;
			files = (
			);
			inputFileListPaths = (
				"${PODS_ROOT}/Target Support Files/Pods-WorkTime/Pods-WorkTime-frameworks-${CONFIGURATION}-input-files.xcfilelist",
			);
			name = "[CP] Embed Pods Frameworks";
			outputFileListPaths = (
				"${PODS_ROOT}/Target Support Files/Pods-WorkTime/Pods-WorkTime-frameworks-${CONFIGURATION}-output-files.xcfilelist",
			);
			runOnlyForDeploymentPostprocessing = 0;
			shellPath = /bin/sh;
			shellScript = "\"${PODS_ROOT}/Target Support Files/Pods-WorkTime/Pods-WorkTime-frameworks.sh\"\n";
			showEnvVarsInLog = 0;
		};
		6EF2EA6A96B1E3CB801B67A8 /* [CP] Check Pods Manifest.lock */ = {
			isa = PBXShellScriptBuildPhase;
			buildActionMask = 2147483647;
			files = (
			);
			inputFileListPaths = (
			);
			inputPaths = (
				"${PODS_PODFILE_DIR_PATH}/Podfile.lock",
				"${PODS_ROOT}/Manifest.lock",
			);
			name = "[CP] Check Pods Manifest.lock";
			outputFileListPaths = (
			);
			outputPaths = (
				"$(DERIVED_FILE_DIR)/Pods-WorkTimeTests-checkManifestLockResult.txt",
			);
			runOnlyForDeploymentPostprocessing = 0;
			shellPath = /bin/sh;
			shellScript = "diff \"${PODS_PODFILE_DIR_PATH}/Podfile.lock\" \"${PODS_ROOT}/Manifest.lock\" > /dev/null\nif [ $? != 0 ] ; then\n    # print error to STDERR\n    echo \"error: The sandbox is not in sync with the Podfile.lock. Run 'pod install' or update your CocoaPods installation.\" >&2\n    exit 1\nfi\n# This output is used by Xcode 'outputs' to avoid re-running this script phase.\necho \"SUCCESS\" > \"${SCRIPT_OUTPUT_FILE_0}\"\n";
			showEnvVarsInLog = 0;
		};
/* End PBXShellScriptBuildPhase section */

/* Begin PBXSourcesBuildPhase section */
		24FDB5BC249D9F9E003885F3 /* Sources */ = {
			isa = PBXSourcesBuildPhase;
			buildActionMask = 2147483647;
			files = (
				24D0F9DE24B17EF1008D2187 /* CustomTableViewCell.swift in Sources */,
				24FDB61424A6C688003885F3 /* Tab4ViewController.swift in Sources */,
				24FDB61224A6C67C003885F3 /* Tab3ViewController.swift in Sources */,
				24FDB60C24A4E8F8003885F3 /* Tab1ViewController.swift in Sources */,
				243784C524C2721200F157F6 /* DayDetailTableViewCell.swift in Sources */,
				24D0FA1C24B93118008D2187 /* DayDetailViewController.swift in Sources */,
				243784C724C2774800F157F6 /* PickerViewController.swift in Sources */,
				24FDB5C4249D9F9E003885F3 /* AppDelegate.swift in Sources */,
				24FDB61624A6C83A003885F3 /* DetailSettingViewController.swift in Sources */,
				24FDB5C6249D9F9E003885F3 /* SceneDelegate.swift in Sources */,
				24FDB61024A6C663003885F3 /* Tab2ViewController.swift in Sources */,
				24FDB60E24A646E5003885F3 /* CreateCircle.swift in Sources */,
			);
			runOnlyForDeploymentPostprocessing = 0;
		};
		24FDB5D2249D9FA5003885F3 /* Sources */ = {
			isa = PBXSourcesBuildPhase;
			buildActionMask = 2147483647;
			files = (
				24FDB5DB249D9FA5003885F3 /* WorkTimeTests.swift in Sources */,
			);
			runOnlyForDeploymentPostprocessing = 0;
		};
		24FDB5DD249D9FA5003885F3 /* Sources */ = {
			isa = PBXSourcesBuildPhase;
			buildActionMask = 2147483647;
			files = (
				24FDB5E6249D9FA5003885F3 /* WorkTimeUITests.swift in Sources */,
			);
			runOnlyForDeploymentPostprocessing = 0;
		};
/* End PBXSourcesBuildPhase section */

/* Begin PBXTargetDependency section */
		24FDB5D8249D9FA5003885F3 /* PBXTargetDependency */ = {
			isa = PBXTargetDependency;
			target = 24FDB5BF249D9F9E003885F3 /* WorkTime */;
			targetProxy = 24FDB5D7249D9FA5003885F3 /* PBXContainerItemProxy */;
		};
		24FDB5E3249D9FA5003885F3 /* PBXTargetDependency */ = {
			isa = PBXTargetDependency;
			target = 24FDB5BF249D9F9E003885F3 /* WorkTime */;
			targetProxy = 24FDB5E2249D9FA5003885F3 /* PBXContainerItemProxy */;
		};
/* End PBXTargetDependency section */

/* Begin PBXVariantGroup section */
		24FDB5CE249D9FA4003885F3 /* LaunchScreen.storyboard */ = {
			isa = PBXVariantGroup;
			children = (
				24FDB5CF249D9FA4003885F3 /* Base */,
			);
			name = LaunchScreen.storyboard;
			sourceTree = "<group>";
		};
/* End PBXVariantGroup section */

/* Begin XCBuildConfiguration section */
		24FDB5E8249D9FA5003885F3 /* Debug */ = {
			isa = XCBuildConfiguration;
			buildSettings = {
				ALWAYS_SEARCH_USER_PATHS = NO;
				CLANG_ANALYZER_NONNULL = YES;
				CLANG_ANALYZER_NUMBER_OBJECT_CONVERSION = YES_AGGRESSIVE;
				CLANG_CXX_LANGUAGE_STANDARD = "gnu++14";
				CLANG_CXX_LIBRARY = "libc++";
				CLANG_ENABLE_MODULES = YES;
				CLANG_ENABLE_OBJC_ARC = YES;
				CLANG_ENABLE_OBJC_WEAK = YES;
				CLANG_WARN_BLOCK_CAPTURE_AUTORELEASING = YES;
				CLANG_WARN_BOOL_CONVERSION = YES;
				CLANG_WARN_COMMA = YES;
				CLANG_WARN_CONSTANT_CONVERSION = YES;
				CLANG_WARN_DEPRECATED_OBJC_IMPLEMENTATIONS = YES;
				CLANG_WARN_DIRECT_OBJC_ISA_USAGE = YES_ERROR;
				CLANG_WARN_DOCUMENTATION_COMMENTS = YES;
				CLANG_WARN_EMPTY_BODY = YES;
				CLANG_WARN_ENUM_CONVERSION = YES;
				CLANG_WARN_INFINITE_RECURSION = YES;
				CLANG_WARN_INT_CONVERSION = YES;
				CLANG_WARN_NON_LITERAL_NULL_CONVERSION = YES;
				CLANG_WARN_OBJC_IMPLICIT_RETAIN_SELF = YES;
				CLANG_WARN_OBJC_LITERAL_CONVERSION = YES;
				CLANG_WARN_OBJC_ROOT_CLASS = YES_ERROR;
				CLANG_WARN_RANGE_LOOP_ANALYSIS = YES;
				CLANG_WARN_STRICT_PROTOTYPES = YES;
				CLANG_WARN_SUSPICIOUS_MOVE = YES;
				CLANG_WARN_UNGUARDED_AVAILABILITY = YES_AGGRESSIVE;
				CLANG_WARN_UNREACHABLE_CODE = YES;
				CLANG_WARN__DUPLICATE_METHOD_MATCH = YES;
				COPY_PHASE_STRIP = NO;
				DEBUG_INFORMATION_FORMAT = dwarf;
				ENABLE_STRICT_OBJC_MSGSEND = YES;
				ENABLE_TESTABILITY = YES;
				GCC_C_LANGUAGE_STANDARD = gnu11;
				GCC_DYNAMIC_NO_PIC = NO;
				GCC_NO_COMMON_BLOCKS = YES;
				GCC_OPTIMIZATION_LEVEL = 0;
				GCC_PREPROCESSOR_DEFINITIONS = (
					"DEBUG=1",
					"$(inherited)",
				);
				GCC_WARN_64_TO_32_BIT_CONVERSION = YES;
				GCC_WARN_ABOUT_RETURN_TYPE = YES_ERROR;
				GCC_WARN_UNDECLARED_SELECTOR = YES;
				GCC_WARN_UNINITIALIZED_AUTOS = YES_AGGRESSIVE;
				GCC_WARN_UNUSED_FUNCTION = YES;
				GCC_WARN_UNUSED_VARIABLE = YES;
				IPHONEOS_DEPLOYMENT_TARGET = 13.5;
				MTL_ENABLE_DEBUG_INFO = INCLUDE_SOURCE;
				MTL_FAST_MATH = YES;
				ONLY_ACTIVE_ARCH = YES;
				SDKROOT = iphoneos;
				SWIFT_ACTIVE_COMPILATION_CONDITIONS = DEBUG;
				SWIFT_OPTIMIZATION_LEVEL = "-Onone";
			};
			name = Debug;
		};
		24FDB5E9249D9FA5003885F3 /* Release */ = {
			isa = XCBuildConfiguration;
			buildSettings = {
				ALWAYS_SEARCH_USER_PATHS = NO;
				CLANG_ANALYZER_NONNULL = YES;
				CLANG_ANALYZER_NUMBER_OBJECT_CONVERSION = YES_AGGRESSIVE;
				CLANG_CXX_LANGUAGE_STANDARD = "gnu++14";
				CLANG_CXX_LIBRARY = "libc++";
				CLANG_ENABLE_MODULES = YES;
				CLANG_ENABLE_OBJC_ARC = YES;
				CLANG_ENABLE_OBJC_WEAK = YES;
				CLANG_WARN_BLOCK_CAPTURE_AUTORELEASING = YES;
				CLANG_WARN_BOOL_CONVERSION = YES;
				CLANG_WARN_COMMA = YES;
				CLANG_WARN_CONSTANT_CONVERSION = YES;
				CLANG_WARN_DEPRECATED_OBJC_IMPLEMENTATIONS = YES;
				CLANG_WARN_DIRECT_OBJC_ISA_USAGE = YES_ERROR;
				CLANG_WARN_DOCUMENTATION_COMMENTS = YES;
				CLANG_WARN_EMPTY_BODY = YES;
				CLANG_WARN_ENUM_CONVERSION = YES;
				CLANG_WARN_INFINITE_RECURSION = YES;
				CLANG_WARN_INT_CONVERSION = YES;
				CLANG_WARN_NON_LITERAL_NULL_CONVERSION = YES;
				CLANG_WARN_OBJC_IMPLICIT_RETAIN_SELF = YES;
				CLANG_WARN_OBJC_LITERAL_CONVERSION = YES;
				CLANG_WARN_OBJC_ROOT_CLASS = YES_ERROR;
				CLANG_WARN_RANGE_LOOP_ANALYSIS = YES;
				CLANG_WARN_STRICT_PROTOTYPES = YES;
				CLANG_WARN_SUSPICIOUS_MOVE = YES;
				CLANG_WARN_UNGUARDED_AVAILABILITY = YES_AGGRESSIVE;
				CLANG_WARN_UNREACHABLE_CODE = YES;
				CLANG_WARN__DUPLICATE_METHOD_MATCH = YES;
				COPY_PHASE_STRIP = NO;
				DEBUG_INFORMATION_FORMAT = "dwarf-with-dsym";
				ENABLE_NS_ASSERTIONS = NO;
				ENABLE_STRICT_OBJC_MSGSEND = YES;
				GCC_C_LANGUAGE_STANDARD = gnu11;
				GCC_NO_COMMON_BLOCKS = YES;
				GCC_WARN_64_TO_32_BIT_CONVERSION = YES;
				GCC_WARN_ABOUT_RETURN_TYPE = YES_ERROR;
				GCC_WARN_UNDECLARED_SELECTOR = YES;
				GCC_WARN_UNINITIALIZED_AUTOS = YES_AGGRESSIVE;
				GCC_WARN_UNUSED_FUNCTION = YES;
				GCC_WARN_UNUSED_VARIABLE = YES;
				IPHONEOS_DEPLOYMENT_TARGET = 13.5;
				MTL_ENABLE_DEBUG_INFO = NO;
				MTL_FAST_MATH = YES;
				SDKROOT = iphoneos;
				SWIFT_COMPILATION_MODE = wholemodule;
				SWIFT_OPTIMIZATION_LEVEL = "-O";
				VALIDATE_PRODUCT = YES;
			};
			name = Release;
		};
		24FDB5EB249D9FA5003885F3 /* Debug */ = {
			isa = XCBuildConfiguration;
			baseConfigurationReference = 3A0EC40D5D2135A371743017 /* Pods-WorkTime.debug.xcconfig */;
			buildSettings = {
				ASSETCATALOG_COMPILER_APPICON_NAME = AppIcon;
				CODE_SIGN_STYLE = Automatic;
				DEVELOPMENT_TEAM = P6K8M6RQ2W;
				INFOPLIST_FILE = WorkTime/Info.plist;
				LD_RUNPATH_SEARCH_PATHS = (
					"$(inherited)",
					"@executable_path/Frameworks",
				);
				PRODUCT_BUNDLE_IDENTIFIER = com.r.t.astronomy.WorkTime;
				PRODUCT_NAME = "$(TARGET_NAME)";
				SWIFT_VERSION = 5.0;
				TARGETED_DEVICE_FAMILY = 1;
			};
			name = Debug;
		};
		24FDB5EC249D9FA5003885F3 /* Release */ = {
			isa = XCBuildConfiguration;
			baseConfigurationReference = 983BE64D1B12F4A6BF2F1D41 /* Pods-WorkTime.release.xcconfig */;
			buildSettings = {
				ASSETCATALOG_COMPILER_APPICON_NAME = AppIcon;
				CODE_SIGN_STYLE = Automatic;
				DEVELOPMENT_TEAM = P6K8M6RQ2W;
				INFOPLIST_FILE = WorkTime/Info.plist;
				LD_RUNPATH_SEARCH_PATHS = (
					"$(inherited)",
					"@executable_path/Frameworks",
				);
				PRODUCT_BUNDLE_IDENTIFIER = com.r.t.astronomy.WorkTime;
				PRODUCT_NAME = "$(TARGET_NAME)";
				SWIFT_VERSION = 5.0;
				TARGETED_DEVICE_FAMILY = 1;
			};
			name = Release;
		};
		24FDB5EE249D9FA5003885F3 /* Debug */ = {
			isa = XCBuildConfiguration;
			baseConfigurationReference = ED3AB2447BB98870FDC2CC17 /* Pods-WorkTimeTests.debug.xcconfig */;
			buildSettings = {
				ALWAYS_EMBED_SWIFT_STANDARD_LIBRARIES = YES;
				BUNDLE_LOADER = "$(TEST_HOST)";
				CODE_SIGN_STYLE = Automatic;
				DEVELOPMENT_TEAM = P6K8M6RQ2W;
				INFOPLIST_FILE = WorkTimeTests/Info.plist;
				IPHONEOS_DEPLOYMENT_TARGET = 13.5;
				LD_RUNPATH_SEARCH_PATHS = (
					"$(inherited)",
					"@executable_path/Frameworks",
					"@loader_path/Frameworks",
				);
				PRODUCT_BUNDLE_IDENTIFIER = com.r.t.astronomy.WorkTimeTests;
				PRODUCT_NAME = "$(TARGET_NAME)";
				SWIFT_VERSION = 5.0;
				TARGETED_DEVICE_FAMILY = "1,2";
				TEST_HOST = "$(BUILT_PRODUCTS_DIR)/WorkTime.app/WorkTime";
			};
			name = Debug;
		};
		24FDB5EF249D9FA5003885F3 /* Release */ = {
			isa = XCBuildConfiguration;
			baseConfigurationReference = DA98F1E03CB2F3460E07B514 /* Pods-WorkTimeTests.release.xcconfig */;
			buildSettings = {
				ALWAYS_EMBED_SWIFT_STANDARD_LIBRARIES = YES;
				BUNDLE_LOADER = "$(TEST_HOST)";
				CODE_SIGN_STYLE = Automatic;
				DEVELOPMENT_TEAM = P6K8M6RQ2W;
				INFOPLIST_FILE = WorkTimeTests/Info.plist;
				IPHONEOS_DEPLOYMENT_TARGET = 13.5;
				LD_RUNPATH_SEARCH_PATHS = (
					"$(inherited)",
					"@executable_path/Frameworks",
					"@loader_path/Frameworks",
				);
				PRODUCT_BUNDLE_IDENTIFIER = com.r.t.astronomy.WorkTimeTests;
				PRODUCT_NAME = "$(TARGET_NAME)";
				SWIFT_VERSION = 5.0;
				TARGETED_DEVICE_FAMILY = "1,2";
				TEST_HOST = "$(BUILT_PRODUCTS_DIR)/WorkTime.app/WorkTime";
			};
			name = Release;
		};
		24FDB5F1249D9FA5003885F3 /* Debug */ = {
			isa = XCBuildConfiguration;
			baseConfigurationReference = 6AF657DF32D42D98EA6A2CDC /* Pods-WorkTime-WorkTimeUITests.debug.xcconfig */;
			buildSettings = {
				ALWAYS_EMBED_SWIFT_STANDARD_LIBRARIES = YES;
				CODE_SIGN_STYLE = Automatic;
				DEVELOPMENT_TEAM = P6K8M6RQ2W;
				INFOPLIST_FILE = WorkTimeUITests/Info.plist;
				LD_RUNPATH_SEARCH_PATHS = (
					"$(inherited)",
					"@executable_path/Frameworks",
					"@loader_path/Frameworks",
				);
				PRODUCT_BUNDLE_IDENTIFIER = com.r.t.astronomy.WorkTimeUITests;
				PRODUCT_NAME = "$(TARGET_NAME)";
				SWIFT_VERSION = 5.0;
				TARGETED_DEVICE_FAMILY = "1,2";
				TEST_TARGET_NAME = WorkTime;
			};
			name = Debug;
		};
		24FDB5F2249D9FA5003885F3 /* Release */ = {
			isa = XCBuildConfiguration;
			baseConfigurationReference = CD9FF30C64BA572327BD98B9 /* Pods-WorkTime-WorkTimeUITests.release.xcconfig */;
			buildSettings = {
				ALWAYS_EMBED_SWIFT_STANDARD_LIBRARIES = YES;
				CODE_SIGN_STYLE = Automatic;
				DEVELOPMENT_TEAM = P6K8M6RQ2W;
				INFOPLIST_FILE = WorkTimeUITests/Info.plist;
				LD_RUNPATH_SEARCH_PATHS = (
					"$(inherited)",
					"@executable_path/Frameworks",
					"@loader_path/Frameworks",
				);
				PRODUCT_BUNDLE_IDENTIFIER = com.r.t.astronomy.WorkTimeUITests;
				PRODUCT_NAME = "$(TARGET_NAME)";
				SWIFT_VERSION = 5.0;
				TARGETED_DEVICE_FAMILY = "1,2";
				TEST_TARGET_NAME = WorkTime;
			};
			name = Release;
		};
/* End XCBuildConfiguration section */

/* Begin XCConfigurationList section */
		24FDB5BB249D9F9E003885F3 /* Build configuration list for PBXProject "WorkTime" */ = {
			isa = XCConfigurationList;
			buildConfigurations = (
				24FDB5E8249D9FA5003885F3 /* Debug */,
				24FDB5E9249D9FA5003885F3 /* Release */,
			);
			defaultConfigurationIsVisible = 0;
			defaultConfigurationName = Release;
		};
		24FDB5EA249D9FA5003885F3 /* Build configuration list for PBXNativeTarget "WorkTime" */ = {
			isa = XCConfigurationList;
			buildConfigurations = (
				24FDB5EB249D9FA5003885F3 /* Debug */,
				24FDB5EC249D9FA5003885F3 /* Release */,
			);
			defaultConfigurationIsVisible = 0;
			defaultConfigurationName = Release;
		};
		24FDB5ED249D9FA5003885F3 /* Build configuration list for PBXNativeTarget "WorkTimeTests" */ = {
			isa = XCConfigurationList;
			buildConfigurations = (
				24FDB5EE249D9FA5003885F3 /* Debug */,
				24FDB5EF249D9FA5003885F3 /* Release */,
			);
			defaultConfigurationIsVisible = 0;
			defaultConfigurationName = Release;
		};
		24FDB5F0249D9FA5003885F3 /* Build configuration list for PBXNativeTarget "WorkTimeUITests" */ = {
			isa = XCConfigurationList;
			buildConfigurations = (
				24FDB5F1249D9FA5003885F3 /* Debug */,
				24FDB5F2249D9FA5003885F3 /* Release */,
			);
			defaultConfigurationIsVisible = 0;
			defaultConfigurationName = Release;
		};
/* End XCConfigurationList section */
	};
	rootObject = 24FDB5B8249D9F9E003885F3 /* Project object */;
}
